
Microsoft Visual Studio Solution File, Format Version 12.00
# Visual Studio Version 16
VisualStudioVersion = 16.0.31205.134
MinimumVisualStudioVersion = 10.0.40219.1
Project("{FAE04EC0-301F-11D3-BF4B-00C04F79EFBC}") = "RegexApp", "RegexApp\RegexApp.csproj", "{E8734B55-BDE1-46FD-8372-5D3F7E02E0B6}"
EndProject
Project("{FAE04EC0-301F-11D3-BF4B-00C04F79EFBC}") = "RegexAppMSTest", "RegexAppMSTest\RegexAppMSTest.csproj", "{7FD40BD5-B1DF-475C-8573-EF42AE34E335}"
EndProject
Global
	GlobalSection(SolutionConfigurationPlatforms) = preSolution
		Debug|Any CPU = Debug|Any CPU
		Release|Any CPU = Release|Any CPU
	EndGlobalSection
	GlobalSection(ProjectConfigurationPlatforms) = postSolution
		{E8734B55-BDE1-46FD-8372-5D3F7E02E0B6}.Debug|Any CPU.ActiveCfg = Debug|Any CPU
		{E8734B55-BDE1-46FD-8372-5D3F7E02E0B6}.Debug|Any CPU.Build.0 = Debug|Any CPU
		{E8734B55-BDE1-46FD-8372-5D3F7E02E0B6}.Release|Any CPU.ActiveCfg = Release|Any CPU
		{E8734B55-BDE1-46FD-8372-5D3F7E02E0B6}.Release|Any CPU.Build.0 = Release|Any CPU
		{7FD40BD5-B1DF-475C-8573-EF42AE34E335}.Debug|Any CPU.ActiveCfg = Debug|Any CPU
		{7FD40BD5-B1DF-475C-8573-EF42AE34E335}.Debug|Any CPU.Build.0 = Debug|Any CPU
		{7FD40BD5-B1DF-475C-8573-EF42AE34E335}.Release|Any CPU.ActiveCfg = Release|Any CPU
		{7FD40BD5-B1DF-475C-8573-EF42AE34E335}.Release|Any CPU.Build.0 = Release|Any CPU
	EndGlobalSection
	GlobalSection(SolutionProperties) = preSolution
		HideSolutionNode = FALSE
	EndGlobalSection
	GlobalSection(ExtensibilityGlobals) = postSolution
		SolutionGuid = {E468D7DC-2DA2-4975-ACF8-FEB03B84EC80}
	EndGlobalSection
EndGlobal
